
Microsoft Visual Studio Solution File, Format Version 12.00
# Visual Studio Version 16
VisualStudioVersion = 16.0.30907.101
MinimumVisualStudioVersion = 10.0.40219.1
Project("{FAE04EC0-301F-11D3-BF4B-00C04F79EFBC}") = "Test", "Test\Test.csproj", "{BA6B32E6-B5C3-44D9-9F35-8AF415A4407C}"
EndProject
Project("{FAE04EC0-301F-11D3-BF4B-00C04F79EFBC}") = "Algorithms", "Algorithms\Algorithms.csproj", "{CD482478-3DAB-4437-8AB8-AA7EBB9C5045}"
EndProject
Project("{FAE04EC0-301F-11D3-BF4B-00C04F79EFBC}") = "DataStructures", "DataStructures\DataStructures.csproj", "{92F48203-91F5-459D-93A4-060702DD2F99}"
EndProject
Global
	GlobalSection(SolutionConfigurationPlatforms) = preSolution
		Debug|Any CPU = Debug|Any CPU
		Release|Any CPU = Release|Any CPU
	EndGlobalSection
	GlobalSection(ProjectConfigurationPlatforms) = postSolution
		{BA6B32E6-B5C3-44D9-9F35-8AF415A4407C}.Debug|Any CPU.ActiveCfg = Debug|Any CPU
		{BA6B32E6-B5C3-44D9-9F35-8AF415A4407C}.Debug|Any CPU.Build.0 = Debug|Any CPU
		{BA6B32E6-B5C3-44D9-9F35-8AF415A4407C}.Release|Any CPU.ActiveCfg = Release|Any CPU
		{BA6B32E6-B5C3-44D9-9F35-8AF415A4407C}.Release|Any CPU.Build.0 = Release|Any CPU
		{CD482478-3DAB-4437-8AB8-AA7EBB9C5045}.Debug|Any CPU.ActiveCfg = Debug|Any CPU
		{CD482478-3DAB-4437-8AB8-AA7EBB9C5045}.Debug|Any CPU.Build.0 = Debug|Any CPU
		{CD482478-3DAB-4437-8AB8-AA7EBB9C5045}.Release|Any CPU.ActiveCfg = Release|Any CPU
		{CD482478-3DAB-4437-8AB8-AA7EBB9C5045}.Release|Any CPU.Build.0 = Release|Any CPU
		{92F48203-91F5-459D-93A4-060702DD2F99}.Debug|Any CPU.ActiveCfg = Debug|Any CPU
		{92F48203-91F5-459D-93A4-060702DD2F99}.Debug|Any CPU.Build.0 = Debug|Any CPU
		{92F48203-91F5-459D-93A4-060702DD2F99}.Release|Any CPU.ActiveCfg = Release|Any CPU
		{92F48203-91F5-459D-93A4-060702DD2F99}.Release|Any CPU.Build.0 = Release|Any CPU
	EndGlobalSection
	GlobalSection(SolutionProperties) = preSolution
		HideSolutionNode = FALSE
	EndGlobalSection
	GlobalSection(ExtensibilityGlobals) = postSolution
		SolutionGuid = {8B81B2EE-9B6D-4B04-A527-13C264080C8C}
	EndGlobalSection
EndGlobal
